{
  "name": "utils",
  "lockfileVersion": 3,
  "requires": true,
  "packages": {
    "": {
      "dependencies": {
        "ts-luxon": "^4.5.2"
      }
    },
    "node_modules/ts-luxon": {
      "version": "4.6.2",
      "resolved": "https://registry.npmjs.org/ts-luxon/-/ts-luxon-4.6.2.tgz",
      "integrity": "sha512-I35AoZtDQ0O49rJh7tNyECISB6nhtdOzeFZSZzIxWSSUwnmgPOJK2wZr3fK0WVmKcmWPvDGSa+GKwWXFs4prjA==",
      "license": "MIT",
      "engines": {
        "node": ">=13"
      }
    }
  }
}
