{
  "name": "utils",
  "lockfileVersion": 3,
  "requires": true,
  "packages": {
    "": {
      "dependencies": {
        "ts-luxon": "^5.0.0"
      }
    },
    "node_modules/ts-luxon": {
      "version": "5.0.6",
      "resolved": "https://registry.npmjs.org/ts-luxon/-/ts-luxon-5.0.6.tgz",
      "integrity": "sha512-FFSi0UKcQ8lgCBBTl6OMGcp26cANEV67cwJyXi4pTHuxa28wJUDtjBwcgDGn04a+wqtnHqdNaMnor2UDicmPDQ==",
      "license": "MIT",
      "engines": {
        "node": ">=13"
      }
    }
  }
}
