{
  "name": "utils",
  "lockfileVersion": 3,
  "requires": true,
  "packages": {
    "": {
      "dependencies": {
        "ts-luxon": "^4.5.2"
      }
    },
    "node_modules/ts-luxon": {
      "version": "4.5.2",
      "resolved": "https://registry.npmjs.org/ts-luxon/-/ts-luxon-4.5.2.tgz",
      "integrity": "sha512-PqVfo1yiwAa1nYeyK/k4rOgHPGIqJQpGbOMA/+nLcpS2aXEO2mTSvBKUjPyo1PWCTD2/K2iH4OuRo3md344IoA==",
      "engines": {
        "node": ">=13"
      }
    }
  }
}
