dependencies:
- name: idproxy
  repository: oci://ghcr.io/cloudoperators/greenhouse/charts
  version: 0.1.0
- name: team-membership
  repository: oci://ghcr.io/cloudoperators/greenhouse/charts
  version: 0.1.1
- name: cors-proxy
  repository: oci://ghcr.io/cloudoperators/greenhouse/charts
  version: 0.1.0
- name: headscale
  repository: oci://ghcr.io/cloudoperators/greenhouse/charts
  version: 0.1.1
- name: tailscale-proxy
  repository: oci://ghcr.io/cloudoperators/greenhouse/charts
  version: 0.1.0
- name: manager
  repository: oci://ghcr.io/cloudoperators/greenhouse/charts
  version: 0.1.0
- name: ui
  repository: oci://ghcr.io/cloudoperators/greenhouse/charts
  version: 0.1.0
- name: demo
  repository: oci://ghcr.io/cloudoperators/greenhouse/charts
  version: 0.1.0
digest: sha256:11b9a0e89f2d35dee194882101587ea44e571efb787b7dbf8e1358a43982632c
generated: "2024-04-22T13:26:48.105364+02:00"
