{
  "name": "types",
  "lockfileVersion": 3,
  "requires": true,
  "packages": {
    "": {
      "dependencies": {
        "kubernetes-types": "^1.30.0"
      }
    },
    "node_modules/kubernetes-types": {
      "version": "1.30.0",
      "resolved": "https://registry.npmjs.org/kubernetes-types/-/kubernetes-types-1.30.0.tgz",
      "integrity": "sha512-Dew1okvhM/SQcIa2rcgujNndZwU8VnSapDgdxlYoB84ZlpAD43U6KLAFqYo17ykSFGHNPrg0qry0bP+GJd9v7Q=="
    }
  }
}